
Microsoft Visual Studio Solution File, Format Version 12.00
# Visual Studio Version 16
VisualStudioVersion = 16.0.31410.357
MinimumVisualStudioVersion = 10.0.40219.1
Project("{FAE04EC0-301F-11D3-BF4B-00C04F79EFBC}") = "CRUD_Jokes", "CRUD_Jokes\CRUD_Jokes.csproj", "{32BB81A3-409E-441E-A428-ADC88AF31F30}"
EndProject
Global
	GlobalSection(SolutionConfigurationPlatforms) = preSolution
		Debug|Any CPU = Debug|Any CPU
		Release|Any CPU = Release|Any CPU
	EndGlobalSection
	GlobalSection(ProjectConfigurationPlatforms) = postSolution
		{32BB81A3-409E-441E-A428-ADC88AF31F30}.Debug|Any CPU.ActiveCfg = Debug|Any CPU
		{32BB81A3-409E-441E-A428-ADC88AF31F30}.Debug|Any CPU.Build.0 = Debug|Any CPU
		{32BB81A3-409E-441E-A428-ADC88AF31F30}.Release|Any CPU.ActiveCfg = Release|Any CPU
		{32BB81A3-409E-441E-A428-ADC88AF31F30}.Release|Any CPU.Build.0 = Release|Any CPU
	EndGlobalSection
	GlobalSection(SolutionProperties) = preSolution
		HideSolutionNode = FALSE
	EndGlobalSection
	GlobalSection(ExtensibilityGlobals) = postSolution
		SolutionGuid = {2C732DD3-FCC0-47EE-AA24-FCE5EF58B74E}
	EndGlobalSection
EndGlobal
